// !$*UTF8*$!
{
	archiveVersion = 1;
	classes = {
	};
	objectVersion = 56;
	objects = {

/* Begin PBXBuildFile section */
		790551D62AF6B89D0064A98C /* ASHAAudio.c in Sources */ = {isa = PBXBuildFile; fileRef = 79AD39C42AF6B58C0058F739 /* ASHAAudio.c */; };
		790551D72AF6B8A40064A98C /* Localizable.strings in Resources */ = {isa = PBXBuildFile; fileRef = 790BC6F82AF6B37C00DE1B74 /* Localizable.strings */; };
		790551DA2AF6BAEE0064A98C /* CoreFoundation.framework in Frameworks */ = {isa = PBXBuildFile; fileRef = 790551D92AF6BAEE0064A98C /* CoreFoundation.framework */; };
		790A6A082AF6B0A300B278FC /* .gitignore in Resources */ = {isa = PBXBuildFile; fileRef = 790A6A072AF6B0A300B278FC /* .gitignore */; };
		C5B0D11A2AF4634A00F3BB48 /* ASHAApp.swift in Sources */ = {isa = PBXBuildFile; fileRef = C5B0D1192AF4634A00F3BB48 /* ASHAApp.swift */; };
		C5B0D11C2AF4634A00F3BB48 /* ContentView.swift in Sources */ = {isa = PBXBuildFile; fileRef = C5B0D11B2AF4634A00F3BB48 /* ContentView.swift */; };
		C5B0D11E2AF4634B00F3BB48 /* Assets.xcassets in Resources */ = {isa = PBXBuildFile; fileRef = C5B0D11D2AF4634B00F3BB48 /* Assets.xcassets */; };
		C5B0D1212AF4634B00F3BB48 /* Preview Assets.xcassets in Resources */ = {isa = PBXBuildFile; fileRef = C5B0D1202AF4634B00F3BB48 /* Preview Assets.xcassets */; };
		C5B0D14A2AF5AE9C00F3BB48 /* ReadOnlyPropertiesModel.swift in Sources */ = {isa = PBXBuildFile; fileRef = C5B0D1492AF5AE9C00F3BB48 /* ReadOnlyPropertiesModel.swift */; };
		C5B0D14C2AF67AD300F3BB48 /* BluetoothViewModel.swift in Sources */ = {isa = PBXBuildFile; fileRef = C5B0D14B2AF67AD300F3BB48 /* BluetoothViewModel.swift */; };
		C5B0D14E2AF689C400F3BB48 /* AudioControlPointModel.swift in Sources */ = {isa = PBXBuildFile; fileRef = C5B0D14D2AF689C400F3BB48 /* AudioControlPointModel.swift */; };
/* End PBXBuildFile section */

/* Begin PBXContainerItemProxy section */
		C5B0D1282AF4634B00F3BB48 /* PBXContainerItemProxy */ = {
			isa = PBXContainerItemProxy;
			containerPortal = C5B0D10E2AF4634A00F3BB48 /* Project object */;
			proxyType = 1;
			remoteGlobalIDString = C5B0D1152AF4634A00F3BB48;
			remoteInfo = ASHA;
		};
		C5B0D1322AF4634B00F3BB48 /* PBXContainerItemProxy */ = {
			isa = PBXContainerItemProxy;
			containerPortal = C5B0D10E2AF4634A00F3BB48 /* Project object */;
			proxyType = 1;
			remoteGlobalIDString = C5B0D1152AF4634A00F3BB48;
			remoteInfo = ASHA;
		};
/* End PBXContainerItemProxy section */

/* Begin PBXCopyFilesBuildPhase section */
		790551CC2AF6B8400064A98C /* Embed System Extensions */ = {
			isa = PBXCopyFilesBuildPhase;
			buildActionMask = 2147483647;
			dstPath = "$(SYSTEM_EXTENSIONS_FOLDER_PATH)";
			dstSubfolderSpec = 16;
			files = (
			);
			name = "Embed System Extensions";
			runOnlyForDeploymentPostprocessing = 0;
		};
/* End PBXCopyFilesBuildPhase section */

/* Begin PBXFileReference section */
		790551D12AF6B8650064A98C /* ASHAAudio.driver */ = {isa = PBXFileReference; explicitFileType = wrapper.cfbundle; includeInIndex = 0; path = ASHAAudio.driver; sourceTree = BUILT_PRODUCTS_DIR; };
		790551D92AF6BAEE0064A98C /* CoreFoundation.framework */ = {isa = PBXFileReference; lastKnownFileType = wrapper.framework; name = CoreFoundation.framework; path = System/Library/Frameworks/CoreFoundation.framework; sourceTree = SDKROOT; };
		790A6A072AF6B0A300B278FC /* .gitignore */ = {isa = PBXFileReference; fileEncoding = 4; lastKnownFileType = text; path = .gitignore; sourceTree = "<group>"; };
		790BC6F92AF6B37C00DE1B74 /* en */ = {isa = PBXFileReference; lastKnownFileType = text.plist.strings; name = en; path = ASHAAudio/en.lproj/Localizable.strings; sourceTree = "<group>"; };
		79AD39C42AF6B58C0058F739 /* ASHAAudio.c */ = {isa = PBXFileReference; lastKnownFileType = sourcecode.c.c; path = ASHAAudio.c; sourceTree = "<group>"; };
		79AD39E42AF6B6BA0058F739 /* SampleCode.xcconfig */ = {isa = PBXFileReference; lastKnownFileType = text.xcconfig; path = SampleCode.xcconfig; sourceTree = "<group>"; };
		79AD39E52AF6B7430058F739 /* ASHAAudio-Info.plist */ = {isa = PBXFileReference; fileEncoding = 4; lastKnownFileType = text.plist.xml; path = "ASHAAudio-Info.plist"; sourceTree = "<group>"; };
		C5B0D1162AF4634A00F3BB48 /* ASHA.app */ = {isa = PBXFileReference; explicitFileType = wrapper.application; includeInIndex = 0; path = ASHA.app; sourceTree = BUILT_PRODUCTS_DIR; };
		C5B0D1192AF4634A00F3BB48 /* ASHAApp.swift */ = {isa = PBXFileReference; lastKnownFileType = sourcecode.swift; path = ASHAApp.swift; sourceTree = "<group>"; };
		C5B0D11B2AF4634A00F3BB48 /* ContentView.swift */ = {isa = PBXFileReference; lastKnownFileType = sourcecode.swift; path = ContentView.swift; sourceTree = "<group>"; };
		C5B0D11D2AF4634B00F3BB48 /* Assets.xcassets */ = {isa = PBXFileReference; lastKnownFileType = folder.assetcatalog; path = Assets.xcassets; sourceTree = "<group>"; };
		C5B0D1202AF4634B00F3BB48 /* Preview Assets.xcassets */ = {isa = PBXFileReference; lastKnownFileType = folder.assetcatalog; path = "Preview Assets.xcassets"; sourceTree = "<group>"; };
		C5B0D1222AF4634B00F3BB48 /* ASHA.entitlements */ = {isa = PBXFileReference; lastKnownFileType = text.plist.entitlements; path = ASHA.entitlements; sourceTree = "<group>"; };
		C5B0D1272AF4634B00F3BB48 /* ASHATests.xctest */ = {isa = PBXFileReference; explicitFileType = wrapper.cfbundle; includeInIndex = 0; path = ASHATests.xctest; sourceTree = BUILT_PRODUCTS_DIR; };
		C5B0D1312AF4634B00F3BB48 /* ASHAUITests.xctest */ = {isa = PBXFileReference; explicitFileType = wrapper.cfbundle; includeInIndex = 0; path = ASHAUITests.xctest; sourceTree = BUILT_PRODUCTS_DIR; };
		C5B0D1492AF5AE9C00F3BB48 /* ReadOnlyPropertiesModel.swift */ = {isa = PBXFileReference; lastKnownFileType = sourcecode.swift; path = ReadOnlyPropertiesModel.swift; sourceTree = "<group>"; };
		C5B0D14B2AF67AD300F3BB48 /* BluetoothViewModel.swift */ = {isa = PBXFileReference; lastKnownFileType = sourcecode.swift; path = BluetoothViewModel.swift; sourceTree = "<group>"; };
		C5B0D14D2AF689C400F3BB48 /* AudioControlPointModel.swift */ = {isa = PBXFileReference; lastKnownFileType = sourcecode.swift; path = AudioControlPointModel.swift; sourceTree = "<group>"; };
/* End PBXFileReference section */

/* Begin PBXFrameworksBuildPhase section */
		790551CE2AF6B8650064A98C /* Frameworks */ = {
			isa = PBXFrameworksBuildPhase;
			buildActionMask = 2147483647;
			files = (
				790551DA2AF6BAEE0064A98C /* CoreFoundation.framework in Frameworks */,
			);
			runOnlyForDeploymentPostprocessing = 0;
		};
		C5B0D1132AF4634A00F3BB48 /* Frameworks */ = {
			isa = PBXFrameworksBuildPhase;
			buildActionMask = 2147483647;
			files = (
			);
			runOnlyForDeploymentPostprocessing = 0;
		};
		C5B0D1242AF4634B00F3BB48 /* Frameworks */ = {
			isa = PBXFrameworksBuildPhase;
			buildActionMask = 2147483647;
			files = (
			);
			runOnlyForDeploymentPostprocessing = 0;
		};
		C5B0D12E2AF4634B00F3BB48 /* Frameworks */ = {
			isa = PBXFrameworksBuildPhase;
			buildActionMask = 2147483647;
			files = (
			);
			runOnlyForDeploymentPostprocessing = 0;
		};
/* End PBXFrameworksBuildPhase section */

/* Begin PBXGroup section */
		790A69E52AF6AA9C00B278FC /* Frameworks */ = {
			isa = PBXGroup;
			children = (
				790551D92AF6BAEE0064A98C /* CoreFoundation.framework */,
			);
			name = Frameworks;
			sourceTree = "<group>";
		};
		790A6A0C2AF6B29E00B278FC /* ASHADriver */ = {
			isa = PBXGroup;
			children = (
				79AD39E52AF6B7430058F739 /* ASHAAudio-Info.plist */,
				79AD39E32AF6B6BA0058F739 /* Configuration */,
				79AD39C42AF6B58C0058F739 /* ASHAAudio.c */,
				790BC6F82AF6B37C00DE1B74 /* Localizable.strings */,
			);
			path = ASHADriver;
			sourceTree = "<group>";
		};
		79AD39E32AF6B6BA0058F739 /* Configuration */ = {
			isa = PBXGroup;
			children = (
				79AD39E42AF6B6BA0058F739 /* SampleCode.xcconfig */,
			);
			path = Configuration;
			sourceTree = "<group>";
		};
		C5B0D10D2AF4634A00F3BB48 = {
			isa = PBXGroup;
			children = (
				790A6A0C2AF6B29E00B278FC /* ASHADriver */,
				790A6A072AF6B0A300B278FC /* .gitignore */,
				C5B0D1182AF4634A00F3BB48 /* ASHA */,
				C5B0D1172AF4634A00F3BB48 /* Products */,
				790A69E52AF6AA9C00B278FC /* Frameworks */,
			);
			sourceTree = "<group>";
		};
		C5B0D1172AF4634A00F3BB48 /* Products */ = {
			isa = PBXGroup;
			children = (
				C5B0D1162AF4634A00F3BB48 /* ASHA.app */,
				C5B0D1272AF4634B00F3BB48 /* ASHATests.xctest */,
				C5B0D1312AF4634B00F3BB48 /* ASHAUITests.xctest */,
				790551D12AF6B8650064A98C /* ASHAAudio.driver */,
			);
			name = Products;
			sourceTree = "<group>";
		};
		C5B0D1182AF4634A00F3BB48 /* ASHA */ = {
			isa = PBXGroup;
			children = (
				C5B0D1192AF4634A00F3BB48 /* ASHAApp.swift */,
				C5B0D11B2AF4634A00F3BB48 /* ContentView.swift */,
				C5B0D14B2AF67AD300F3BB48 /* BluetoothViewModel.swift */,
				C5B0D1492AF5AE9C00F3BB48 /* ReadOnlyPropertiesModel.swift */,
				C5B0D14D2AF689C400F3BB48 /* AudioControlPointModel.swift */,
				C5B0D11D2AF4634B00F3BB48 /* Assets.xcassets */,
				C5B0D1222AF4634B00F3BB48 /* ASHA.entitlements */,
				C5B0D11F2AF4634B00F3BB48 /* Preview Content */,
			);
			path = ASHA;
			sourceTree = "<group>";
		};
		C5B0D11F2AF4634B00F3BB48 /* Preview Content */ = {
			isa = PBXGroup;
			children = (
				C5B0D1202AF4634B00F3BB48 /* Preview Assets.xcassets */,
			);
			path = "Preview Content";
			sourceTree = "<group>";
		};
/* End PBXGroup section */

/* Begin PBXNativeTarget section */
		790551D02AF6B8650064A98C /* ASHAAudio */ = {
			isa = PBXNativeTarget;
			buildConfigurationList = 790551D22AF6B8650064A98C /* Build configuration list for PBXNativeTarget "ASHAAudio" */;
			buildPhases = (
				790551CD2AF6B8650064A98C /* Sources */,
				790551CE2AF6B8650064A98C /* Frameworks */,
				790551CF2AF6B8650064A98C /* Resources */,
			);
			buildRules = (
			);
			dependencies = (
			);
			name = ASHAAudio;
			productName = ASHAAudio;
			productReference = 790551D12AF6B8650064A98C /* ASHAAudio.driver */;
			productType = "com.apple.product-type.bundle";
		};
		C5B0D1152AF4634A00F3BB48 /* ASHA */ = {
			isa = PBXNativeTarget;
			buildConfigurationList = C5B0D13B2AF4634B00F3BB48 /* Build configuration list for PBXNativeTarget "ASHA" */;
			buildPhases = (
				C5B0D1122AF4634A00F3BB48 /* Sources */,
				C5B0D1132AF4634A00F3BB48 /* Frameworks */,
				C5B0D1142AF4634A00F3BB48 /* Resources */,
				790551CC2AF6B8400064A98C /* Embed System Extensions */,
			);
			buildRules = (
			);
			dependencies = (
			);
			name = ASHA;
			productName = ASHA;
			productReference = C5B0D1162AF4634A00F3BB48 /* ASHA.app */;
			productType = "com.apple.product-type.application";
		};
		C5B0D1262AF4634B00F3BB48 /* ASHATests */ = {
			isa = PBXNativeTarget;
			buildConfigurationList = C5B0D13E2AF4634B00F3BB48 /* Build configuration list for PBXNativeTarget "ASHATests" */;
			buildPhases = (
				C5B0D1232AF4634B00F3BB48 /* Sources */,
				C5B0D1242AF4634B00F3BB48 /* Frameworks */,
				C5B0D1252AF4634B00F3BB48 /* Resources */,
			);
			buildRules = (
			);
			dependencies = (
				C5B0D1292AF4634B00F3BB48 /* PBXTargetDependency */,
			);
			name = ASHATests;
			productName = ASHATests;
			productReference = C5B0D1272AF4634B00F3BB48 /* ASHATests.xctest */;
			productType = "com.apple.product-type.bundle.unit-test";
		};
		C5B0D1302AF4634B00F3BB48 /* ASHAUITests */ = {
			isa = PBXNativeTarget;
			buildConfigurationList = C5B0D1412AF4634B00F3BB48 /* Build configuration list for PBXNativeTarget "ASHAUITests" */;
			buildPhases = (
				C5B0D12D2AF4634B00F3BB48 /* Sources */,
				C5B0D12E2AF4634B00F3BB48 /* Frameworks */,
				C5B0D12F2AF4634B00F3BB48 /* Resources */,
			);
			buildRules = (
			);
			dependencies = (
				C5B0D1332AF4634B00F3BB48 /* PBXTargetDependency */,
			);
			name = ASHAUITests;
			productName = ASHAUITests;
			productReference = C5B0D1312AF4634B00F3BB48 /* ASHAUITests.xctest */;
			productType = "com.apple.product-type.bundle.ui-testing";
		};
/* End PBXNativeTarget section */

/* Begin PBXProject section */
		C5B0D10E2AF4634A00F3BB48 /* Project object */ = {
			isa = PBXProject;
			attributes = {
				BuildIndependentTargetsInParallel = 1;
				LastSwiftUpdateCheck = 1500;
				LastUpgradeCheck = 1500;
				TargetAttributes = {
					790551D02AF6B8650064A98C = {
						CreatedOnToolsVersion = 15.0.1;
					};
					C5B0D1152AF4634A00F3BB48 = {
						CreatedOnToolsVersion = 15.0.1;
						LastSwiftMigration = 1500;
					};
					C5B0D1262AF4634B00F3BB48 = {
						CreatedOnToolsVersion = 15.0.1;
						TestTargetID = C5B0D1152AF4634A00F3BB48;
					};
					C5B0D1302AF4634B00F3BB48 = {
						CreatedOnToolsVersion = 15.0.1;
						TestTargetID = C5B0D1152AF4634A00F3BB48;
					};
				};
			};
			buildConfigurationList = C5B0D1112AF4634A00F3BB48 /* Build configuration list for PBXProject "ASHA" */;
			compatibilityVersion = "Xcode 14.0";
			developmentRegion = en;
			hasScannedForEncodings = 0;
			knownRegions = (
				en,
				Base,
			);
			mainGroup = C5B0D10D2AF4634A00F3BB48;
			productRefGroup = C5B0D1172AF4634A00F3BB48 /* Products */;
			projectDirPath = "";
			projectRoot = "";
			targets = (
				C5B0D1152AF4634A00F3BB48 /* ASHA */,
				C5B0D1262AF4634B00F3BB48 /* ASHATests */,
				C5B0D1302AF4634B00F3BB48 /* ASHAUITests */,
				790551D02AF6B8650064A98C /* ASHAAudio */,
			);
		};
/* End PBXProject section */

/* Begin PBXResourcesBuildPhase section */
		790551CF2AF6B8650064A98C /* Resources */ = {
			isa = PBXResourcesBuildPhase;
			buildActionMask = 2147483647;
			files = (
				790551D72AF6B8A40064A98C /* Localizable.strings in Resources */,
			);
			runOnlyForDeploymentPostprocessing = 0;
		};
		C5B0D1142AF4634A00F3BB48 /* Resources */ = {
			isa = PBXResourcesBuildPhase;
			buildActionMask = 2147483647;
			files = (
				C5B0D1212AF4634B00F3BB48 /* Preview Assets.xcassets in Resources */,
				790A6A082AF6B0A300B278FC /* .gitignore in Resources */,
				C5B0D11E2AF4634B00F3BB48 /* Assets.xcassets in Resources */,
			);
			runOnlyForDeploymentPostprocessing = 0;
		};
		C5B0D1252AF4634B00F3BB48 /* Resources */ = {
			isa = PBXResourcesBuildPhase;
			buildActionMask = 2147483647;
			files = (
			);
			runOnlyForDeploymentPostprocessing = 0;
		};
		C5B0D12F2AF4634B00F3BB48 /* Resources */ = {
			isa = PBXResourcesBuildPhase;
			buildActionMask = 2147483647;
			files = (
			);
			runOnlyForDeploymentPostprocessing = 0;
		};
/* End PBXResourcesBuildPhase section */

/* Begin PBXSourcesBuildPhase section */
		790551CD2AF6B8650064A98C /* Sources */ = {
			isa = PBXSourcesBuildPhase;
			buildActionMask = 2147483647;
			files = (
				790551D62AF6B89D0064A98C /* ASHAAudio.c in Sources */,
			);
			runOnlyForDeploymentPostprocessing = 0;
		};
		C5B0D1122AF4634A00F3BB48 /* Sources */ = {
			isa = PBXSourcesBuildPhase;
			buildActionMask = 2147483647;
			files = (
				C5B0D14A2AF5AE9C00F3BB48 /* ReadOnlyPropertiesModel.swift in Sources */,
				C5B0D14C2AF67AD300F3BB48 /* BluetoothViewModel.swift in Sources */,
				C5B0D11C2AF4634A00F3BB48 /* ContentView.swift in Sources */,
				C5B0D14E2AF689C400F3BB48 /* AudioControlPointModel.swift in Sources */,
				C5B0D11A2AF4634A00F3BB48 /* ASHAApp.swift in Sources */,
			);
			runOnlyForDeploymentPostprocessing = 0;
		};
		C5B0D1232AF4634B00F3BB48 /* Sources */ = {
			isa = PBXSourcesBuildPhase;
			buildActionMask = 2147483647;
			files = (
			);
			runOnlyForDeploymentPostprocessing = 0;
		};
		C5B0D12D2AF4634B00F3BB48 /* Sources */ = {
			isa = PBXSourcesBuildPhase;
			buildActionMask = 2147483647;
			files = (
			);
			runOnlyForDeploymentPostprocessing = 0;
		};
/* End PBXSourcesBuildPhase section */

/* Begin PBXTargetDependency section */
		C5B0D1292AF4634B00F3BB48 /* PBXTargetDependency */ = {
			isa = PBXTargetDependency;
			target = C5B0D1152AF4634A00F3BB48 /* ASHA */;
			targetProxy = C5B0D1282AF4634B00F3BB48 /* PBXContainerItemProxy */;
		};
		C5B0D1332AF4634B00F3BB48 /* PBXTargetDependency */ = {
			isa = PBXTargetDependency;
			target = C5B0D1152AF4634A00F3BB48 /* ASHA */;
			targetProxy = C5B0D1322AF4634B00F3BB48 /* PBXContainerItemProxy */;
		};
/* End PBXTargetDependency section */

/* Begin PBXVariantGroup section */
		790BC6F82AF6B37C00DE1B74 /* Localizable.strings */ = {
			isa = PBXVariantGroup;
			children = (
				790BC6F92AF6B37C00DE1B74 /* en */,
			);
			name = Localizable.strings;
			sourceTree = "<group>";
		};
/* End PBXVariantGroup section */

/* Begin XCBuildConfiguration section */
		790551D32AF6B8650064A98C /* Debug */ = {
			isa = XCBuildConfiguration;
			buildSettings = {
				CODE_SIGN_STYLE = Automatic;
				COMBINE_HIDPI_IMAGES = YES;
				CURRENT_PROJECT_VERSION = 1;
				GENERATE_INFOPLIST_FILE = YES;
				INFOPLIST_KEY_NSHumanReadableCopyright = "";
				INFOPLIST_KEY_NSPrincipalClass = "";
				INSTALL_PATH = "$(LOCAL_LIBRARY_DIR)/Audio/Plug-Ins/HAL";
				MARKETING_VERSION = 1.0;
				PRODUCT_BUNDLE_IDENTIFIER = shareefali.ASHAAudio;
				PRODUCT_NAME = "$(TARGET_NAME)";
				SKIP_INSTALL = YES;
				SWIFT_EMIT_LOC_STRINGS = YES;
				WRAPPER_EXTENSION = driver;
			};
			name = Debug;
		};
		790551D42AF6B8650064A98C /* Release */ = {
			isa = XCBuildConfiguration;
			buildSettings = {
				CODE_SIGN_STYLE = Automatic;
				COMBINE_HIDPI_IMAGES = YES;
				CURRENT_PROJECT_VERSION = 1;
				GCC_PREPROCESSOR_DEFINITIONS = "DEBUG=0";
				GENERATE_INFOPLIST_FILE = YES;
				INFOPLIST_KEY_NSHumanReadableCopyright = "";
				INFOPLIST_KEY_NSPrincipalClass = "";
				INSTALL_PATH = "$(LOCAL_LIBRARY_DIR)/Audio/Plug-Ins/HAL";
				MARKETING_VERSION = 1.0;
				PRODUCT_BUNDLE_IDENTIFIER = shareefali.ASHAAudio;
				PRODUCT_NAME = "$(TARGET_NAME)";
				SKIP_INSTALL = YES;
				SWIFT_EMIT_LOC_STRINGS = YES;
				WRAPPER_EXTENSION = driver;
			};
			name = Release;
		};
		C5B0D1392AF4634B00F3BB48 /* Debug */ = {
			isa = XCBuildConfiguration;
			buildSettings = {
				ALWAYS_SEARCH_USER_PATHS = NO;
				ASSETCATALOG_COMPILER_GENERATE_SWIFT_ASSET_SYMBOL_EXTENSIONS = YES;
				CLANG_ANALYZER_NONNULL = YES;
				CLANG_ANALYZER_NUMBER_OBJECT_CONVERSION = YES_AGGRESSIVE;
				CLANG_CXX_LANGUAGE_STANDARD = "gnu++20";
				CLANG_ENABLE_MODULES = YES;
				CLANG_ENABLE_OBJC_ARC = YES;
				CLANG_ENABLE_OBJC_WEAK = YES;
				CLANG_WARN_BLOCK_CAPTURE_AUTORELEASING = YES;
				CLANG_WARN_BOOL_CONVERSION = YES;
				CLANG_WARN_COMMA = YES;
				CLANG_WARN_CONSTANT_CONVERSION = YES;
				CLANG_WARN_DEPRECATED_OBJC_IMPLEMENTATIONS = YES;
				CLANG_WARN_DIRECT_OBJC_ISA_USAGE = YES_ERROR;
				CLANG_WARN_DOCUMENTATION_COMMENTS = YES;
				CLANG_WARN_EMPTY_BODY = YES;
				CLANG_WARN_ENUM_CONVERSION = YES;
				CLANG_WARN_INFINITE_RECURSION = YES;
				CLANG_WARN_INT_CONVERSION = YES;
				CLANG_WARN_NON_LITERAL_NULL_CONVERSION = YES;
				CLANG_WARN_OBJC_IMPLICIT_RETAIN_SELF = YES;
				CLANG_WARN_OBJC_LITERAL_CONVERSION = YES;
				CLANG_WARN_OBJC_ROOT_CLASS = YES_ERROR;
				CLANG_WARN_QUOTED_INCLUDE_IN_FRAMEWORK_HEADER = YES;
				CLANG_WARN_RANGE_LOOP_ANALYSIS = YES;
				CLANG_WARN_STRICT_PROTOTYPES = YES;
				CLANG_WARN_SUSPICIOUS_MOVE = YES;
				CLANG_WARN_UNGUARDED_AVAILABILITY = YES_AGGRESSIVE;
				CLANG_WARN_UNREACHABLE_CODE = YES;
				CLANG_WARN__DUPLICATE_METHOD_MATCH = YES;
				COPY_PHASE_STRIP = NO;
				DEBUG_INFORMATION_FORMAT = dwarf;
				ENABLE_STRICT_OBJC_MSGSEND = YES;
				ENABLE_TESTABILITY = YES;
				ENABLE_USER_SCRIPT_SANDBOXING = YES;
				GCC_C_LANGUAGE_STANDARD = gnu17;
				GCC_DYNAMIC_NO_PIC = NO;
				GCC_NO_COMMON_BLOCKS = YES;
				GCC_OPTIMIZATION_LEVEL = 0;
				GCC_PREPROCESSOR_DEFINITIONS = (
					"DEBUG=1",
					"$(inherited)",
				);
				GCC_WARN_64_TO_32_BIT_CONVERSION = YES;
				GCC_WARN_ABOUT_RETURN_TYPE = YES_ERROR;
				GCC_WARN_UNDECLARED_SELECTOR = YES;
				GCC_WARN_UNINITIALIZED_AUTOS = YES_AGGRESSIVE;
				GCC_WARN_UNUSED_FUNCTION = YES;
				GCC_WARN_UNUSED_VARIABLE = YES;
				LOCALIZATION_PREFERS_STRING_CATALOGS = YES;
				MACOSX_DEPLOYMENT_TARGET = 14.0;
				MTL_ENABLE_DEBUG_INFO = INCLUDE_SOURCE;
				MTL_FAST_MATH = YES;
				ONLY_ACTIVE_ARCH = YES;
				SDKROOT = macosx;
				SWIFT_ACTIVE_COMPILATION_CONDITIONS = "DEBUG $(inherited)";
				SWIFT_OPTIMIZATION_LEVEL = "-Onone";
			};
			name = Debug;
		};
		C5B0D13A2AF4634B00F3BB48 /* Release */ = {
			isa = XCBuildConfiguration;
			buildSettings = {
				ALWAYS_SEARCH_USER_PATHS = NO;
				ASSETCATALOG_COMPILER_GENERATE_SWIFT_ASSET_SYMBOL_EXTENSIONS = YES;
				CLANG_ANALYZER_NONNULL = YES;
				CLANG_ANALYZER_NUMBER_OBJECT_CONVERSION = YES_AGGRESSIVE;
				CLANG_CXX_LANGUAGE_STANDARD = "gnu++20";
				CLANG_ENABLE_MODULES = YES;
				CLANG_ENABLE_OBJC_ARC = YES;
				CLANG_ENABLE_OBJC_WEAK = YES;
				CLANG_WARN_BLOCK_CAPTURE_AUTORELEASING = YES;
				CLANG_WARN_BOOL_CONVERSION = YES;
				CLANG_WARN_COMMA = YES;
				CLANG_WARN_CONSTANT_CONVERSION = YES;
				CLANG_WARN_DEPRECATED_OBJC_IMPLEMENTATIONS = YES;
				CLANG_WARN_DIRECT_OBJC_ISA_USAGE = YES_ERROR;
				CLANG_WARN_DOCUMENTATION_COMMENTS = YES;
				CLANG_WARN_EMPTY_BODY = YES;
				CLANG_WARN_ENUM_CONVERSION = YES;
				CLANG_WARN_INFINITE_RECURSION = YES;
				CLANG_WARN_INT_CONVERSION = YES;
				CLANG_WARN_NON_LITERAL_NULL_CONVERSION = YES;
				CLANG_WARN_OBJC_IMPLICIT_RETAIN_SELF = YES;
				CLANG_WARN_OBJC_LITERAL_CONVERSION = YES;
				CLANG_WARN_OBJC_ROOT_CLASS = YES_ERROR;
				CLANG_WARN_QUOTED_INCLUDE_IN_FRAMEWORK_HEADER = YES;
				CLANG_WARN_RANGE_LOOP_ANALYSIS = YES;
				CLANG_WARN_STRICT_PROTOTYPES = YES;
				CLANG_WARN_SUSPICIOUS_MOVE = YES;
				CLANG_WARN_UNGUARDED_AVAILABILITY = YES_AGGRESSIVE;
				CLANG_WARN_UNREACHABLE_CODE = YES;
				CLANG_WARN__DUPLICATE_METHOD_MATCH = YES;
				COPY_PHASE_STRIP = NO;
				DEBUG_INFORMATION_FORMAT = "dwarf-with-dsym";
				ENABLE_NS_ASSERTIONS = NO;
				ENABLE_STRICT_OBJC_MSGSEND = YES;
				ENABLE_USER_SCRIPT_SANDBOXING = YES;
				GCC_C_LANGUAGE_STANDARD = gnu17;
				GCC_NO_COMMON_BLOCKS = YES;
				GCC_WARN_64_TO_32_BIT_CONVERSION = YES;
				GCC_WARN_ABOUT_RETURN_TYPE = YES_ERROR;
				GCC_WARN_UNDECLARED_SELECTOR = YES;
				GCC_WARN_UNINITIALIZED_AUTOS = YES_AGGRESSIVE;
				GCC_WARN_UNUSED_FUNCTION = YES;
				GCC_WARN_UNUSED_VARIABLE = YES;
				LOCALIZATION_PREFERS_STRING_CATALOGS = YES;
				MACOSX_DEPLOYMENT_TARGET = 14.0;
				MTL_ENABLE_DEBUG_INFO = NO;
				MTL_FAST_MATH = YES;
				SDKROOT = macosx;
				SWIFT_COMPILATION_MODE = wholemodule;
			};
			name = Release;
		};
		C5B0D13C2AF4634B00F3BB48 /* Debug */ = {
			isa = XCBuildConfiguration;
			buildSettings = {
				ASSETCATALOG_COMPILER_APPICON_NAME = AppIcon;
				ASSETCATALOG_COMPILER_GLOBAL_ACCENT_COLOR_NAME = AccentColor;
				CLANG_ENABLE_MODULES = YES;
				CODE_SIGN_ENTITLEMENTS = ASHA/ASHA.entitlements;
				"CODE_SIGN_IDENTITY[sdk=macosx*]" = "Apple Development";
				CODE_SIGN_STYLE = Automatic;
				COMBINE_HIDPI_IMAGES = YES;
				CURRENT_PROJECT_VERSION = 1;
				DEVELOPMENT_ASSET_PATHS = "\"ASHA/Preview Content\"";
				DEVELOPMENT_TEAM = 2FTR9775R5;
				ENABLE_HARDENED_RUNTIME = YES;
				ENABLE_PREVIEWS = YES;
				GENERATE_INFOPLIST_FILE = YES;
				INFOPLIST_KEY_NSBluetoothAlwaysUsageDescription = "This app requires bluetooth access to function properly.";
				INFOPLIST_KEY_NSBluetoothPeripheralUsageDescription = "This app requires bluetooth access to function properly.";
				INFOPLIST_KEY_NSBluetoothWhileInUseUsageDescription = "This app requires bluetooth access to function properly.";
				INFOPLIST_KEY_NSHumanReadableCopyright = "";
				LD_RUNPATH_SEARCH_PATHS = (
					"$(inherited)",
					"@executable_path/../Frameworks",
				);
				MARKETING_VERSION = 1.0;
				PRODUCT_BUNDLE_IDENTIFIER = com.harrisonkaiser.ASHA;
				PRODUCT_NAME = "$(TARGET_NAME)";
				SWIFT_EMIT_LOC_STRINGS = YES;
				SWIFT_OPTIMIZATION_LEVEL = "-Onone";
				SWIFT_VERSION = 5.0;
			};
			name = Debug;
		};
		C5B0D13D2AF4634B00F3BB48 /* Release */ = {
			isa = XCBuildConfiguration;
			buildSettings = {
				ASSETCATALOG_COMPILER_APPICON_NAME = AppIcon;
				ASSETCATALOG_COMPILER_GLOBAL_ACCENT_COLOR_NAME = AccentColor;
				CLANG_ENABLE_MODULES = YES;
				CODE_SIGN_ENTITLEMENTS = ASHA/ASHA.entitlements;
				"CODE_SIGN_IDENTITY[sdk=macosx*]" = "Apple Development";
				CODE_SIGN_STYLE = Automatic;
				COMBINE_HIDPI_IMAGES = YES;
				CURRENT_PROJECT_VERSION = 1;
				DEVELOPMENT_ASSET_PATHS = "\"ASHA/Preview Content\"";
				DEVELOPMENT_TEAM = 2FTR9775R5;
				ENABLE_HARDENED_RUNTIME = YES;
				ENABLE_PREVIEWS = YES;
				GENERATE_INFOPLIST_FILE = YES;
				INFOPLIST_KEY_NSBluetoothAlwaysUsageDescription = "This app requires bluetooth access to function properly.";
				INFOPLIST_KEY_NSBluetoothPeripheralUsageDescription = "This app requires bluetooth access to function properly.";
				INFOPLIST_KEY_NSBluetoothWhileInUseUsageDescription = "This app requires bluetooth access to function properly.";
				INFOPLIST_KEY_NSHumanReadableCopyright = "";
				LD_RUNPATH_SEARCH_PATHS = (
					"$(inherited)",
					"@executable_path/../Frameworks",
				);
				MARKETING_VERSION = 1.0;
				PRODUCT_BUNDLE_IDENTIFIER = com.harrisonkaiser.ASHA;
				PRODUCT_NAME = "$(TARGET_NAME)";
				SWIFT_EMIT_LOC_STRINGS = YES;
				SWIFT_VERSION = 5.0;
			};
			name = Release;
		};
		C5B0D13F2AF4634B00F3BB48 /* Debug */ = {
			isa = XCBuildConfiguration;
			buildSettings = {
				ALWAYS_EMBED_SWIFT_STANDARD_LIBRARIES = YES;
				BUNDLE_LOADER = "$(TEST_HOST)";
				CODE_SIGN_STYLE = Automatic;
				CURRENT_PROJECT_VERSION = 1;
				DEVELOPMENT_TEAM = R87Q688498;
				GENERATE_INFOPLIST_FILE = YES;
				MACOSX_DEPLOYMENT_TARGET = 14.0;
				MARKETING_VERSION = 1.0;
				PRODUCT_BUNDLE_IDENTIFIER = com.harrisonkaiser.ASHATests;
				PRODUCT_NAME = "$(TARGET_NAME)";
				SWIFT_EMIT_LOC_STRINGS = NO;
				SWIFT_VERSION = 5.0;
				TEST_HOST = "$(BUILT_PRODUCTS_DIR)/ASHA.app/$(BUNDLE_EXECUTABLE_FOLDER_PATH)/ASHA";
			};
			name = Debug;
		};
		C5B0D1402AF4634B00F3BB48 /* Release */ = {
			isa = XCBuildConfiguration;
			buildSettings = {
				ALWAYS_EMBED_SWIFT_STANDARD_LIBRARIES = YES;
				BUNDLE_LOADER = "$(TEST_HOST)";
				CODE_SIGN_STYLE = Automatic;
				CURRENT_PROJECT_VERSION = 1;
				DEVELOPMENT_TEAM = R87Q688498;
				GENERATE_INFOPLIST_FILE = YES;
				MACOSX_DEPLOYMENT_TARGET = 14.0;
				MARKETING_VERSION = 1.0;
				PRODUCT_BUNDLE_IDENTIFIER = com.harrisonkaiser.ASHATests;
				PRODUCT_NAME = "$(TARGET_NAME)";
				SWIFT_EMIT_LOC_STRINGS = NO;
				SWIFT_VERSION = 5.0;
				TEST_HOST = "$(BUILT_PRODUCTS_DIR)/ASHA.app/$(BUNDLE_EXECUTABLE_FOLDER_PATH)/ASHA";
			};
			name = Release;
		};
		C5B0D1422AF4634B00F3BB48 /* Debug */ = {
			isa = XCBuildConfiguration;
			buildSettings = {
				ALWAYS_EMBED_SWIFT_STANDARD_LIBRARIES = YES;
				CODE_SIGN_STYLE = Automatic;
				CURRENT_PROJECT_VERSION = 1;
				DEVELOPMENT_TEAM = R87Q688498;
				GENERATE_INFOPLIST_FILE = YES;
				MARKETING_VERSION = 1.0;
				PRODUCT_BUNDLE_IDENTIFIER = com.harrisonkaiser.ASHAUITests;
				PRODUCT_NAME = "$(TARGET_NAME)";
				SWIFT_EMIT_LOC_STRINGS = NO;
				SWIFT_VERSION = 5.0;
				TEST_TARGET_NAME = ASHA;
			};
			name = Debug;
		};
		C5B0D1432AF4634B00F3BB48 /* Release */ = {
			isa = XCBuildConfiguration;
			buildSettings = {
				ALWAYS_EMBED_SWIFT_STANDARD_LIBRARIES = YES;
				CODE_SIGN_STYLE = Automatic;
				CURRENT_PROJECT_VERSION = 1;
				DEVELOPMENT_TEAM = R87Q688498;
				GENERATE_INFOPLIST_FILE = YES;
				MARKETING_VERSION = 1.0;
				PRODUCT_BUNDLE_IDENTIFIER = com.harrisonkaiser.ASHAUITests;
				PRODUCT_NAME = "$(TARGET_NAME)";
				SWIFT_EMIT_LOC_STRINGS = NO;
				SWIFT_VERSION = 5.0;
				TEST_TARGET_NAME = ASHA;
			};
			name = Release;
		};
/* End XCBuildConfiguration section */

/* Begin XCConfigurationList section */
		790551D22AF6B8650064A98C /* Build configuration list for PBXNativeTarget "ASHAAudio" */ = {
			isa = XCConfigurationList;
			buildConfigurations = (
				790551D32AF6B8650064A98C /* Debug */,
				790551D42AF6B8650064A98C /* Release */,
			);
			defaultConfigurationIsVisible = 0;
			defaultConfigurationName = Release;
		};
		C5B0D1112AF4634A00F3BB48 /* Build configuration list for PBXProject "ASHA" */ = {
			isa = XCConfigurationList;
			buildConfigurations = (
				C5B0D1392AF4634B00F3BB48 /* Debug */,
				C5B0D13A2AF4634B00F3BB48 /* Release */,
			);
			defaultConfigurationIsVisible = 0;
			defaultConfigurationName = Release;
		};
		C5B0D13B2AF4634B00F3BB48 /* Build configuration list for PBXNativeTarget "ASHA" */ = {
			isa = XCConfigurationList;
			buildConfigurations = (
				C5B0D13C2AF4634B00F3BB48 /* Debug */,
				C5B0D13D2AF4634B00F3BB48 /* Release */,
			);
			defaultConfigurationIsVisible = 0;
			defaultConfigurationName = Release;
		};
		C5B0D13E2AF4634B00F3BB48 /* Build configuration list for PBXNativeTarget "ASHATests" */ = {
			isa = XCConfigurationList;
			buildConfigurations = (
				C5B0D13F2AF4634B00F3BB48 /* Debug */,
				C5B0D1402AF4634B00F3BB48 /* Release */,
			);
			defaultConfigurationIsVisible = 0;
			defaultConfigurationName = Release;
		};
		C5B0D1412AF4634B00F3BB48 /* Build configuration list for PBXNativeTarget "ASHAUITests" */ = {
			isa = XCConfigurationList;
			buildConfigurations = (
				C5B0D1422AF4634B00F3BB48 /* Debug */,
				C5B0D1432AF4634B00F3BB48 /* Release */,
			);
			defaultConfigurationIsVisible = 0;
			defaultConfigurationName = Release;
		};
/* End XCConfigurationList section */
	};
	rootObject = C5B0D10E2AF4634A00F3BB48 /* Project object */;
}
