// !$*UTF8*$!
{
	archiveVersion = 1;
	classes = {
	};
	objectVersion = 56;
	objects = {

/* Begin PBXBuildFile section */
		79B2F4F22AF7F85C00CAE357 /* g722_decode.c in Sources */ = {isa = PBXBuildFile; fileRef = 79B2F4F12AF7F85C00CAE357 /* g722_decode.c */; };
		79B2F4F42AF7F86300CAE357 /* g722_encode.c in Sources */ = {isa = PBXBuildFile; fileRef = 79B2F4F32AF7F86300CAE357 /* g722_encode.c */; };
		79B2F4F72AF85F1600CAE357 /* batman_theme_x.wav in Resources */ = {isa = PBXBuildFile; fileRef = 79B2F4F62AF85F1600CAE357 /* batman_theme_x.wav */; };
		C5B0D11A2AF4634A00F3BB48 /* ASHAApp.swift in Sources */ = {isa = PBXBuildFile; fileRef = C5B0D1192AF4634A00F3BB48 /* ASHAApp.swift */; };
		C5B0D11C2AF4634A00F3BB48 /* ContentView.swift in Sources */ = {isa = PBXBuildFile; fileRef = C5B0D11B2AF4634A00F3BB48 /* ContentView.swift */; };
		C5B0D11E2AF4634B00F3BB48 /* Assets.xcassets in Resources */ = {isa = PBXBuildFile; fileRef = C5B0D11D2AF4634B00F3BB48 /* Assets.xcassets */; };
		C5B0D1212AF4634B00F3BB48 /* Preview Assets.xcassets in Resources */ = {isa = PBXBuildFile; fileRef = C5B0D1202AF4634B00F3BB48 /* Preview Assets.xcassets */; };
		C5B0D14A2AF5AE9C00F3BB48 /* ReadOnlyPropertiesModel.swift in Sources */ = {isa = PBXBuildFile; fileRef = C5B0D1492AF5AE9C00F3BB48 /* ReadOnlyPropertiesModel.swift */; };
		C5B0D14C2AF67AD300F3BB48 /* BluetoothViewModel.swift in Sources */ = {isa = PBXBuildFile; fileRef = C5B0D14B2AF67AD300F3BB48 /* BluetoothViewModel.swift */; };
		C5B0D14E2AF689C400F3BB48 /* AudioControlPointModel.swift in Sources */ = {isa = PBXBuildFile; fileRef = C5B0D14D2AF689C400F3BB48 /* AudioControlPointModel.swift */; };
/* End PBXBuildFile section */

/* Begin PBXContainerItemProxy section */
		C5B0D1282AF4634B00F3BB48 /* PBXContainerItemProxy */ = {
			isa = PBXContainerItemProxy;
			containerPortal = C5B0D10E2AF4634A00F3BB48 /* Project object */;
			proxyType = 1;
			remoteGlobalIDString = C5B0D1152AF4634A00F3BB48;
			remoteInfo = ASHA;
		};
		C5B0D1322AF4634B00F3BB48 /* PBXContainerItemProxy */ = {
			isa = PBXContainerItemProxy;
			containerPortal = C5B0D10E2AF4634A00F3BB48 /* Project object */;
			proxyType = 1;
			remoteGlobalIDString = C5B0D1152AF4634A00F3BB48;
			remoteInfo = ASHA;
		};
/* End PBXContainerItemProxy section */

/* Begin PBXFileReference section */
		79B2F4EB2AF7F81F00CAE357 /* ASHA-Bridging-Header.h */ = {isa = PBXFileReference; lastKnownFileType = sourcecode.c.h; path = "ASHA-Bridging-Header.h"; sourceTree = "<group>"; };
		79B2F4F12AF7F85C00CAE357 /* g722_decode.c */ = {isa = PBXFileReference; fileEncoding = 4; lastKnownFileType = sourcecode.c.c; path = g722_decode.c; sourceTree = "<group>"; };
		79B2F4F32AF7F86300CAE357 /* g722_encode.c */ = {isa = PBXFileReference; fileEncoding = 4; lastKnownFileType = sourcecode.c.c; path = g722_encode.c; sourceTree = "<group>"; };
		79B2F4F52AF7F87300CAE357 /* g722.h */ = {isa = PBXFileReference; lastKnownFileType = sourcecode.c.h; path = g722.h; sourceTree = "<group>"; };
		79B2F4F62AF85F1600CAE357 /* batman_theme_x.wav */ = {isa = PBXFileReference; lastKnownFileType = audio.wav; name = batman_theme_x.wav; path = /Users/harrisonkaiser/Desktop/ASHA/ASHA/batman_theme_x.wav; sourceTree = "<absolute>"; };
		C5B0D1162AF4634A00F3BB48 /* ASHA.app */ = {isa = PBXFileReference; explicitFileType = wrapper.application; includeInIndex = 0; path = ASHA.app; sourceTree = BUILT_PRODUCTS_DIR; };
		C5B0D1192AF4634A00F3BB48 /* ASHAApp.swift */ = {isa = PBXFileReference; lastKnownFileType = sourcecode.swift; path = ASHAApp.swift; sourceTree = "<group>"; };
		C5B0D11B2AF4634A00F3BB48 /* ContentView.swift */ = {isa = PBXFileReference; lastKnownFileType = sourcecode.swift; path = ContentView.swift; sourceTree = "<group>"; };
		C5B0D11D2AF4634B00F3BB48 /* Assets.xcassets */ = {isa = PBXFileReference; lastKnownFileType = folder.assetcatalog; path = Assets.xcassets; sourceTree = "<group>"; };
		C5B0D1202AF4634B00F3BB48 /* Preview Assets.xcassets */ = {isa = PBXFileReference; lastKnownFileType = folder.assetcatalog; path = "Preview Assets.xcassets"; sourceTree = "<group>"; };
		C5B0D1222AF4634B00F3BB48 /* ASHA.entitlements */ = {isa = PBXFileReference; lastKnownFileType = text.plist.entitlements; path = ASHA.entitlements; sourceTree = "<group>"; };
		C5B0D1272AF4634B00F3BB48 /* ASHATests.xctest */ = {isa = PBXFileReference; explicitFileType = wrapper.cfbundle; includeInIndex = 0; path = ASHATests.xctest; sourceTree = BUILT_PRODUCTS_DIR; };
		C5B0D1312AF4634B00F3BB48 /* ASHAUITests.xctest */ = {isa = PBXFileReference; explicitFileType = wrapper.cfbundle; includeInIndex = 0; path = ASHAUITests.xctest; sourceTree = BUILT_PRODUCTS_DIR; };
		C5B0D1492AF5AE9C00F3BB48 /* ReadOnlyPropertiesModel.swift */ = {isa = PBXFileReference; lastKnownFileType = sourcecode.swift; path = ReadOnlyPropertiesModel.swift; sourceTree = "<group>"; };
		C5B0D14B2AF67AD300F3BB48 /* BluetoothViewModel.swift */ = {isa = PBXFileReference; lastKnownFileType = sourcecode.swift; path = BluetoothViewModel.swift; sourceTree = "<group>"; };
		C5B0D14D2AF689C400F3BB48 /* AudioControlPointModel.swift */ = {isa = PBXFileReference; lastKnownFileType = sourcecode.swift; path = AudioControlPointModel.swift; sourceTree = "<group>"; };
/* End PBXFileReference section */

/* Begin PBXFrameworksBuildPhase section */
		C5B0D1132AF4634A00F3BB48 /* Frameworks */ = {
			isa = PBXFrameworksBuildPhase;
			buildActionMask = 2147483647;
			files = (
			);
			runOnlyForDeploymentPostprocessing = 0;
		};
		C5B0D1242AF4634B00F3BB48 /* Frameworks */ = {
			isa = PBXFrameworksBuildPhase;
			buildActionMask = 2147483647;
			files = (
			);
			runOnlyForDeploymentPostprocessing = 0;
		};
		C5B0D12E2AF4634B00F3BB48 /* Frameworks */ = {
			isa = PBXFrameworksBuildPhase;
			buildActionMask = 2147483647;
			files = (
			);
			runOnlyForDeploymentPostprocessing = 0;
		};
/* End PBXFrameworksBuildPhase section */

/* Begin PBXGroup section */
		79B2F4EA2AF7F80D00CAE357 /* g722 */ = {
			isa = PBXGroup;
			children = (
				79B2F4F32AF7F86300CAE357 /* g722_encode.c */,
				79B2F4F12AF7F85C00CAE357 /* g722_decode.c */,
				79B2F4F52AF7F87300CAE357 /* g722.h */,
				79B2F4EB2AF7F81F00CAE357 /* ASHA-Bridging-Header.h */,
			);
			path = g722;
			sourceTree = "<group>";
		};
		C5B0D10D2AF4634A00F3BB48 = {
			isa = PBXGroup;
			children = (
				C5B0D1182AF4634A00F3BB48 /* ASHA */,
				C5B0D1172AF4634A00F3BB48 /* Products */,
			);
			sourceTree = "<group>";
		};
		C5B0D1172AF4634A00F3BB48 /* Products */ = {
			isa = PBXGroup;
			children = (
				C5B0D1162AF4634A00F3BB48 /* ASHA.app */,
				C5B0D1272AF4634B00F3BB48 /* ASHATests.xctest */,
				C5B0D1312AF4634B00F3BB48 /* ASHAUITests.xctest */,
			);
			name = Products;
			sourceTree = "<group>";
		};
		C5B0D1182AF4634A00F3BB48 /* ASHA */ = {
			isa = PBXGroup;
			children = (
				79B2F4F62AF85F1600CAE357 /* batman_theme_x.wav */,
				79B2F4EA2AF7F80D00CAE357 /* g722 */,
				C5B0D1192AF4634A00F3BB48 /* ASHAApp.swift */,
				C5B0D11B2AF4634A00F3BB48 /* ContentView.swift */,
				C5B0D14B2AF67AD300F3BB48 /* BluetoothViewModel.swift */,
				C5B0D1492AF5AE9C00F3BB48 /* ReadOnlyPropertiesModel.swift */,
				C5B0D14D2AF689C400F3BB48 /* AudioControlPointModel.swift */,
				C5B0D11D2AF4634B00F3BB48 /* Assets.xcassets */,
				C5B0D1222AF4634B00F3BB48 /* ASHA.entitlements */,
				C5B0D11F2AF4634B00F3BB48 /* Preview Content */,
			);
			path = ASHA;
			sourceTree = "<group>";
		};
		C5B0D11F2AF4634B00F3BB48 /* Preview Content */ = {
			isa = PBXGroup;
			children = (
				C5B0D1202AF4634B00F3BB48 /* Preview Assets.xcassets */,
			);
			path = "Preview Content";
			sourceTree = "<group>";
		};
/* End PBXGroup section */

/* Begin PBXNativeTarget section */
		C5B0D1152AF4634A00F3BB48 /* ASHA */ = {
			isa = PBXNativeTarget;
			buildConfigurationList = C5B0D13B2AF4634B00F3BB48 /* Build configuration list for PBXNativeTarget "ASHA" */;
			buildPhases = (
				C5B0D1122AF4634A00F3BB48 /* Sources */,
				C5B0D1132AF4634A00F3BB48 /* Frameworks */,
				C5B0D1142AF4634A00F3BB48 /* Resources */,
			);
			buildRules = (
			);
			dependencies = (
			);
			name = ASHA;
			productName = ASHA;
			productReference = C5B0D1162AF4634A00F3BB48 /* ASHA.app */;
			productType = "com.apple.product-type.application";
		};
		C5B0D1262AF4634B00F3BB48 /* ASHATests */ = {
			isa = PBXNativeTarget;
			buildConfigurationList = C5B0D13E2AF4634B00F3BB48 /* Build configuration list for PBXNativeTarget "ASHATests" */;
			buildPhases = (
				C5B0D1232AF4634B00F3BB48 /* Sources */,
				C5B0D1242AF4634B00F3BB48 /* Frameworks */,
				C5B0D1252AF4634B00F3BB48 /* Resources */,
			);
			buildRules = (
			);
			dependencies = (
				C5B0D1292AF4634B00F3BB48 /* PBXTargetDependency */,
			);
			name = ASHATests;
			productName = ASHATests;
			productReference = C5B0D1272AF4634B00F3BB48 /* ASHATests.xctest */;
			productType = "com.apple.product-type.bundle.unit-test";
		};
		C5B0D1302AF4634B00F3BB48 /* ASHAUITests */ = {
			isa = PBXNativeTarget;
			buildConfigurationList = C5B0D1412AF4634B00F3BB48 /* Build configuration list for PBXNativeTarget "ASHAUITests" */;
			buildPhases = (
				C5B0D12D2AF4634B00F3BB48 /* Sources */,
				C5B0D12E2AF4634B00F3BB48 /* Frameworks */,
				C5B0D12F2AF4634B00F3BB48 /* Resources */,
			);
			buildRules = (
			);
			dependencies = (
				C5B0D1332AF4634B00F3BB48 /* PBXTargetDependency */,
			);
			name = ASHAUITests;
			productName = ASHAUITests;
			productReference = C5B0D1312AF4634B00F3BB48 /* ASHAUITests.xctest */;
			productType = "com.apple.product-type.bundle.ui-testing";
		};
/* End PBXNativeTarget section */

/* Begin PBXProject section */
		C5B0D10E2AF4634A00F3BB48 /* Project object */ = {
			isa = PBXProject;
			attributes = {
				BuildIndependentTargetsInParallel = 1;
				LastSwiftUpdateCheck = 1500;
				LastUpgradeCheck = 1500;
				TargetAttributes = {
					C5B0D1152AF4634A00F3BB48 = {
						CreatedOnToolsVersion = 15.0.1;
						LastSwiftMigration = 1500;
					};
					C5B0D1262AF4634B00F3BB48 = {
						CreatedOnToolsVersion = 15.0.1;
						TestTargetID = C5B0D1152AF4634A00F3BB48;
					};
					C5B0D1302AF4634B00F3BB48 = {
						CreatedOnToolsVersion = 15.0.1;
						TestTargetID = C5B0D1152AF4634A00F3BB48;
					};
				};
			};
			buildConfigurationList = C5B0D1112AF4634A00F3BB48 /* Build configuration list for PBXProject "ASHA" */;
			compatibilityVersion = "Xcode 14.0";
			developmentRegion = en;
			hasScannedForEncodings = 0;
			knownRegions = (
				en,
				Base,
			);
			mainGroup = C5B0D10D2AF4634A00F3BB48;
			packageReferences = (
			);
			productRefGroup = C5B0D1172AF4634A00F3BB48 /* Products */;
			projectDirPath = "";
			projectRoot = "";
			targets = (
				C5B0D1152AF4634A00F3BB48 /* ASHA */,
				C5B0D1262AF4634B00F3BB48 /* ASHATests */,
				C5B0D1302AF4634B00F3BB48 /* ASHAUITests */,
			);
		};
/* End PBXProject section */

/* Begin PBXResourcesBuildPhase section */
		C5B0D1142AF4634A00F3BB48 /* Resources */ = {
			isa = PBXResourcesBuildPhase;
			buildActionMask = 2147483647;
			files = (
				C5B0D1212AF4634B00F3BB48 /* Preview Assets.xcassets in Resources */,
				79B2F4F72AF85F1600CAE357 /* batman_theme_x.wav in Resources */,
				C5B0D11E2AF4634B00F3BB48 /* Assets.xcassets in Resources */,
			);
			runOnlyForDeploymentPostprocessing = 0;
		};
		C5B0D1252AF4634B00F3BB48 /* Resources */ = {
			isa = PBXResourcesBuildPhase;
			buildActionMask = 2147483647;
			files = (
			);
			runOnlyForDeploymentPostprocessing = 0;
		};
		C5B0D12F2AF4634B00F3BB48 /* Resources */ = {
			isa = PBXResourcesBuildPhase;
			buildActionMask = 2147483647;
			files = (
			);
			runOnlyForDeploymentPostprocessing = 0;
		};
/* End PBXResourcesBuildPhase section */

/* Begin PBXSourcesBuildPhase section */
		C5B0D1122AF4634A00F3BB48 /* Sources */ = {
			isa = PBXSourcesBuildPhase;
			buildActionMask = 2147483647;
			files = (
				C5B0D14A2AF5AE9C00F3BB48 /* ReadOnlyPropertiesModel.swift in Sources */,
				79B2F4F42AF7F86300CAE357 /* g722_encode.c in Sources */,
				C5B0D14C2AF67AD300F3BB48 /* BluetoothViewModel.swift in Sources */,
				C5B0D11C2AF4634A00F3BB48 /* ContentView.swift in Sources */,
				C5B0D14E2AF689C400F3BB48 /* AudioControlPointModel.swift in Sources */,
				C5B0D11A2AF4634A00F3BB48 /* ASHAApp.swift in Sources */,
				79B2F4F22AF7F85C00CAE357 /* g722_decode.c in Sources */,
			);
			runOnlyForDeploymentPostprocessing = 0;
		};
		C5B0D1232AF4634B00F3BB48 /* Sources */ = {
			isa = PBXSourcesBuildPhase;
			buildActionMask = 2147483647;
			files = (
			);
			runOnlyForDeploymentPostprocessing = 0;
		};
		C5B0D12D2AF4634B00F3BB48 /* Sources */ = {
			isa = PBXSourcesBuildPhase;
			buildActionMask = 2147483647;
			files = (
			);
			runOnlyForDeploymentPostprocessing = 0;
		};
/* End PBXSourcesBuildPhase section */

/* Begin PBXTargetDependency section */
		C5B0D1292AF4634B00F3BB48 /* PBXTargetDependency */ = {
			isa = PBXTargetDependency;
			target = C5B0D1152AF4634A00F3BB48 /* ASHA */;
			targetProxy = C5B0D1282AF4634B00F3BB48 /* PBXContainerItemProxy */;
		};
		C5B0D1332AF4634B00F3BB48 /* PBXTargetDependency */ = {
			isa = PBXTargetDependency;
			target = C5B0D1152AF4634A00F3BB48 /* ASHA */;
			targetProxy = C5B0D1322AF4634B00F3BB48 /* PBXContainerItemProxy */;
		};
/* End PBXTargetDependency section */

/* Begin XCBuildConfiguration section */
		C5B0D1392AF4634B00F3BB48 /* Debug */ = {
			isa = XCBuildConfiguration;
			buildSettings = {
				ALWAYS_SEARCH_USER_PATHS = NO;
				ASSETCATALOG_COMPILER_GENERATE_SWIFT_ASSET_SYMBOL_EXTENSIONS = YES;
				CLANG_ANALYZER_NONNULL = YES;
				CLANG_ANALYZER_NUMBER_OBJECT_CONVERSION = YES_AGGRESSIVE;
				CLANG_CXX_LANGUAGE_STANDARD = "gnu++20";
				CLANG_ENABLE_MODULES = YES;
				CLANG_ENABLE_OBJC_ARC = YES;
				CLANG_ENABLE_OBJC_WEAK = YES;
				CLANG_WARN_BLOCK_CAPTURE_AUTORELEASING = YES;
				CLANG_WARN_BOOL_CONVERSION = YES;
				CLANG_WARN_COMMA = YES;
				CLANG_WARN_CONSTANT_CONVERSION = YES;
				CLANG_WARN_DEPRECATED_OBJC_IMPLEMENTATIONS = YES;
				CLANG_WARN_DIRECT_OBJC_ISA_USAGE = YES_ERROR;
				CLANG_WARN_DOCUMENTATION_COMMENTS = YES;
				CLANG_WARN_EMPTY_BODY = YES;
				CLANG_WARN_ENUM_CONVERSION = YES;
				CLANG_WARN_INFINITE_RECURSION = YES;
				CLANG_WARN_INT_CONVERSION = YES;
				CLANG_WARN_NON_LITERAL_NULL_CONVERSION = YES;
				CLANG_WARN_OBJC_IMPLICIT_RETAIN_SELF = YES;
				CLANG_WARN_OBJC_LITERAL_CONVERSION = YES;
				CLANG_WARN_OBJC_ROOT_CLASS = YES_ERROR;
				CLANG_WARN_QUOTED_INCLUDE_IN_FRAMEWORK_HEADER = YES;
				CLANG_WARN_RANGE_LOOP_ANALYSIS = YES;
				CLANG_WARN_STRICT_PROTOTYPES = YES;
				CLANG_WARN_SUSPICIOUS_MOVE = YES;
				CLANG_WARN_UNGUARDED_AVAILABILITY = YES_AGGRESSIVE;
				CLANG_WARN_UNREACHABLE_CODE = YES;
				CLANG_WARN__DUPLICATE_METHOD_MATCH = YES;
				COPY_PHASE_STRIP = NO;
				DEBUG_INFORMATION_FORMAT = dwarf;
				ENABLE_STRICT_OBJC_MSGSEND = YES;
				ENABLE_TESTABILITY = YES;
				ENABLE_USER_SCRIPT_SANDBOXING = YES;
				GCC_C_LANGUAGE_STANDARD = gnu17;
				GCC_DYNAMIC_NO_PIC = NO;
				GCC_NO_COMMON_BLOCKS = YES;
				GCC_OPTIMIZATION_LEVEL = 0;
				GCC_PREPROCESSOR_DEFINITIONS = (
					"DEBUG=1",
					"$(inherited)",
				);
				GCC_WARN_64_TO_32_BIT_CONVERSION = YES;
				GCC_WARN_ABOUT_RETURN_TYPE = YES_ERROR;
				GCC_WARN_UNDECLARED_SELECTOR = YES;
				GCC_WARN_UNINITIALIZED_AUTOS = YES_AGGRESSIVE;
				GCC_WARN_UNUSED_FUNCTION = YES;
				GCC_WARN_UNUSED_VARIABLE = YES;
				LOCALIZATION_PREFERS_STRING_CATALOGS = YES;
				MACOSX_DEPLOYMENT_TARGET = 14.0;
				MTL_ENABLE_DEBUG_INFO = INCLUDE_SOURCE;
				MTL_FAST_MATH = YES;
				ONLY_ACTIVE_ARCH = YES;
				SDKROOT = macosx;
				SWIFT_ACTIVE_COMPILATION_CONDITIONS = "DEBUG $(inherited)";
				SWIFT_OPTIMIZATION_LEVEL = "-Onone";
			};
			name = Debug;
		};
		C5B0D13A2AF4634B00F3BB48 /* Release */ = {
			isa = XCBuildConfiguration;
			buildSettings = {
				ALWAYS_SEARCH_USER_PATHS = NO;
				ASSETCATALOG_COMPILER_GENERATE_SWIFT_ASSET_SYMBOL_EXTENSIONS = YES;
				CLANG_ANALYZER_NONNULL = YES;
				CLANG_ANALYZER_NUMBER_OBJECT_CONVERSION = YES_AGGRESSIVE;
				CLANG_CXX_LANGUAGE_STANDARD = "gnu++20";
				CLANG_ENABLE_MODULES = YES;
				CLANG_ENABLE_OBJC_ARC = YES;
				CLANG_ENABLE_OBJC_WEAK = YES;
				CLANG_WARN_BLOCK_CAPTURE_AUTORELEASING = YES;
				CLANG_WARN_BOOL_CONVERSION = YES;
				CLANG_WARN_COMMA = YES;
				CLANG_WARN_CONSTANT_CONVERSION = YES;
				CLANG_WARN_DEPRECATED_OBJC_IMPLEMENTATIONS = YES;
				CLANG_WARN_DIRECT_OBJC_ISA_USAGE = YES_ERROR;
				CLANG_WARN_DOCUMENTATION_COMMENTS = YES;
				CLANG_WARN_EMPTY_BODY = YES;
				CLANG_WARN_ENUM_CONVERSION = YES;
				CLANG_WARN_INFINITE_RECURSION = YES;
				CLANG_WARN_INT_CONVERSION = YES;
				CLANG_WARN_NON_LITERAL_NULL_CONVERSION = YES;
				CLANG_WARN_OBJC_IMPLICIT_RETAIN_SELF = YES;
				CLANG_WARN_OBJC_LITERAL_CONVERSION = YES;
				CLANG_WARN_OBJC_ROOT_CLASS = YES_ERROR;
				CLANG_WARN_QUOTED_INCLUDE_IN_FRAMEWORK_HEADER = YES;
				CLANG_WARN_RANGE_LOOP_ANALYSIS = YES;
				CLANG_WARN_STRICT_PROTOTYPES = YES;
				CLANG_WARN_SUSPICIOUS_MOVE = YES;
				CLANG_WARN_UNGUARDED_AVAILABILITY = YES_AGGRESSIVE;
				CLANG_WARN_UNREACHABLE_CODE = YES;
				CLANG_WARN__DUPLICATE_METHOD_MATCH = YES;
				COPY_PHASE_STRIP = NO;
				DEBUG_INFORMATION_FORMAT = "dwarf-with-dsym";
				ENABLE_NS_ASSERTIONS = NO;
				ENABLE_STRICT_OBJC_MSGSEND = YES;
				ENABLE_USER_SCRIPT_SANDBOXING = YES;
				GCC_C_LANGUAGE_STANDARD = gnu17;
				GCC_NO_COMMON_BLOCKS = YES;
				GCC_WARN_64_TO_32_BIT_CONVERSION = YES;
				GCC_WARN_ABOUT_RETURN_TYPE = YES_ERROR;
				GCC_WARN_UNDECLARED_SELECTOR = YES;
				GCC_WARN_UNINITIALIZED_AUTOS = YES_AGGRESSIVE;
				GCC_WARN_UNUSED_FUNCTION = YES;
				GCC_WARN_UNUSED_VARIABLE = YES;
				LOCALIZATION_PREFERS_STRING_CATALOGS = YES;
				MACOSX_DEPLOYMENT_TARGET = 14.0;
				MTL_ENABLE_DEBUG_INFO = NO;
				MTL_FAST_MATH = YES;
				SDKROOT = macosx;
				SWIFT_COMPILATION_MODE = wholemodule;
			};
			name = Release;
		};
		C5B0D13C2AF4634B00F3BB48 /* Debug */ = {
			isa = XCBuildConfiguration;
			buildSettings = {
				ASSETCATALOG_COMPILER_APPICON_NAME = AppIcon;
				ASSETCATALOG_COMPILER_GLOBAL_ACCENT_COLOR_NAME = AccentColor;
				CLANG_ENABLE_MODULES = YES;
				CODE_SIGN_ENTITLEMENTS = ASHA/ASHA.entitlements;
				"CODE_SIGN_IDENTITY[sdk=macosx*]" = "Apple Development";
				CODE_SIGN_STYLE = Automatic;
				COMBINE_HIDPI_IMAGES = YES;
				CURRENT_PROJECT_VERSION = 1;
				DEVELOPMENT_ASSET_PATHS = "\"ASHA/Preview Content\"";
				DEVELOPMENT_TEAM = R87Q688498;
				ENABLE_HARDENED_RUNTIME = YES;
				ENABLE_PREVIEWS = YES;
				GENERATE_INFOPLIST_FILE = YES;
				INFOPLIST_KEY_NSBluetoothAlwaysUsageDescription = "This app requires bluetooth access to function properly.";
				INFOPLIST_KEY_NSBluetoothPeripheralUsageDescription = "This app requires bluetooth access to function properly.";
				INFOPLIST_KEY_NSBluetoothWhileInUseUsageDescription = "This app requires bluetooth access to function properly.";
				INFOPLIST_KEY_NSHumanReadableCopyright = "";
				LD_RUNPATH_SEARCH_PATHS = (
					"$(inherited)",
					"@executable_path/../Frameworks",
				);
				MARKETING_VERSION = 1.0;
				PRODUCT_BUNDLE_IDENTIFIER = com.harrisonkaiser.ASHA;
				PRODUCT_NAME = "$(TARGET_NAME)";
				SWIFT_EMIT_LOC_STRINGS = YES;
				SWIFT_OBJC_BRIDGING_HEADER = "ASHA/g722/ASHA-Bridging-Header.h";
				SWIFT_OPTIMIZATION_LEVEL = "-Onone";
				SWIFT_VERSION = 5.0;
			};
			name = Debug;
		};
		C5B0D13D2AF4634B00F3BB48 /* Release */ = {
			isa = XCBuildConfiguration;
			buildSettings = {
				ASSETCATALOG_COMPILER_APPICON_NAME = AppIcon;
				ASSETCATALOG_COMPILER_GLOBAL_ACCENT_COLOR_NAME = AccentColor;
				CLANG_ENABLE_MODULES = YES;
				CODE_SIGN_ENTITLEMENTS = ASHA/ASHA.entitlements;
				"CODE_SIGN_IDENTITY[sdk=macosx*]" = "Apple Development";
				CODE_SIGN_STYLE = Automatic;
				COMBINE_HIDPI_IMAGES = YES;
				CURRENT_PROJECT_VERSION = 1;
				DEVELOPMENT_ASSET_PATHS = "\"ASHA/Preview Content\"";
				DEVELOPMENT_TEAM = R87Q688498;
				ENABLE_HARDENED_RUNTIME = YES;
				ENABLE_PREVIEWS = YES;
				GENERATE_INFOPLIST_FILE = YES;
				INFOPLIST_KEY_NSBluetoothAlwaysUsageDescription = "This app requires bluetooth access to function properly.";
				INFOPLIST_KEY_NSBluetoothPeripheralUsageDescription = "This app requires bluetooth access to function properly.";
				INFOPLIST_KEY_NSBluetoothWhileInUseUsageDescription = "This app requires bluetooth access to function properly.";
				INFOPLIST_KEY_NSHumanReadableCopyright = "";
				LD_RUNPATH_SEARCH_PATHS = (
					"$(inherited)",
					"@executable_path/../Frameworks",
				);
				MARKETING_VERSION = 1.0;
				PRODUCT_BUNDLE_IDENTIFIER = com.harrisonkaiser.ASHA;
				PRODUCT_NAME = "$(TARGET_NAME)";
				SWIFT_EMIT_LOC_STRINGS = YES;
				SWIFT_OBJC_BRIDGING_HEADER = "ASHA/g722/ASHA-Bridging-Header.h";
				SWIFT_VERSION = 5.0;
			};
			name = Release;
		};
		C5B0D13F2AF4634B00F3BB48 /* Debug */ = {
			isa = XCBuildConfiguration;
			buildSettings = {
				ALWAYS_EMBED_SWIFT_STANDARD_LIBRARIES = YES;
				BUNDLE_LOADER = "$(TEST_HOST)";
				CODE_SIGN_STYLE = Automatic;
				CURRENT_PROJECT_VERSION = 1;
				DEVELOPMENT_TEAM = R87Q688498;
				GENERATE_INFOPLIST_FILE = YES;
				MACOSX_DEPLOYMENT_TARGET = 14.0;
				MARKETING_VERSION = 1.0;
				PRODUCT_BUNDLE_IDENTIFIER = com.harrisonkaiser.ASHATests;
				PRODUCT_NAME = "$(TARGET_NAME)";
				SWIFT_EMIT_LOC_STRINGS = NO;
				SWIFT_VERSION = 5.0;
				TEST_HOST = "$(BUILT_PRODUCTS_DIR)/ASHA.app/$(BUNDLE_EXECUTABLE_FOLDER_PATH)/ASHA";
			};
			name = Debug;
		};
		C5B0D1402AF4634B00F3BB48 /* Release */ = {
			isa = XCBuildConfiguration;
			buildSettings = {
				ALWAYS_EMBED_SWIFT_STANDARD_LIBRARIES = YES;
				BUNDLE_LOADER = "$(TEST_HOST)";
				CODE_SIGN_STYLE = Automatic;
				CURRENT_PROJECT_VERSION = 1;
				DEVELOPMENT_TEAM = R87Q688498;
				GENERATE_INFOPLIST_FILE = YES;
				MACOSX_DEPLOYMENT_TARGET = 14.0;
				MARKETING_VERSION = 1.0;
				PRODUCT_BUNDLE_IDENTIFIER = com.harrisonkaiser.ASHATests;
				PRODUCT_NAME = "$(TARGET_NAME)";
				SWIFT_EMIT_LOC_STRINGS = NO;
				SWIFT_VERSION = 5.0;
				TEST_HOST = "$(BUILT_PRODUCTS_DIR)/ASHA.app/$(BUNDLE_EXECUTABLE_FOLDER_PATH)/ASHA";
			};
			name = Release;
		};
		C5B0D1422AF4634B00F3BB48 /* Debug */ = {
			isa = XCBuildConfiguration;
			buildSettings = {
				ALWAYS_EMBED_SWIFT_STANDARD_LIBRARIES = YES;
				CODE_SIGN_STYLE = Automatic;
				CURRENT_PROJECT_VERSION = 1;
				DEVELOPMENT_TEAM = R87Q688498;
				GENERATE_INFOPLIST_FILE = YES;
				MARKETING_VERSION = 1.0;
				PRODUCT_BUNDLE_IDENTIFIER = com.harrisonkaiser.ASHAUITests;
				PRODUCT_NAME = "$(TARGET_NAME)";
				SWIFT_EMIT_LOC_STRINGS = NO;
				SWIFT_VERSION = 5.0;
				TEST_TARGET_NAME = ASHA;
			};
			name = Debug;
		};
		C5B0D1432AF4634B00F3BB48 /* Release */ = {
			isa = XCBuildConfiguration;
			buildSettings = {
				ALWAYS_EMBED_SWIFT_STANDARD_LIBRARIES = YES;
				CODE_SIGN_STYLE = Automatic;
				CURRENT_PROJECT_VERSION = 1;
				DEVELOPMENT_TEAM = R87Q688498;
				GENERATE_INFOPLIST_FILE = YES;
				MARKETING_VERSION = 1.0;
				PRODUCT_BUNDLE_IDENTIFIER = com.harrisonkaiser.ASHAUITests;
				PRODUCT_NAME = "$(TARGET_NAME)";
				SWIFT_EMIT_LOC_STRINGS = NO;
				SWIFT_VERSION = 5.0;
				TEST_TARGET_NAME = ASHA;
			};
			name = Release;
		};
/* End XCBuildConfiguration section */

/* Begin XCConfigurationList section */
		C5B0D1112AF4634A00F3BB48 /* Build configuration list for PBXProject "ASHA" */ = {
			isa = XCConfigurationList;
			buildConfigurations = (
				C5B0D1392AF4634B00F3BB48 /* Debug */,
				C5B0D13A2AF4634B00F3BB48 /* Release */,
			);
			defaultConfigurationIsVisible = 0;
			defaultConfigurationName = Release;
		};
		C5B0D13B2AF4634B00F3BB48 /* Build configuration list for PBXNativeTarget "ASHA" */ = {
			isa = XCConfigurationList;
			buildConfigurations = (
				C5B0D13C2AF4634B00F3BB48 /* Debug */,
				C5B0D13D2AF4634B00F3BB48 /* Release */,
			);
			defaultConfigurationIsVisible = 0;
			defaultConfigurationName = Release;
		};
		C5B0D13E2AF4634B00F3BB48 /* Build configuration list for PBXNativeTarget "ASHATests" */ = {
			isa = XCConfigurationList;
			buildConfigurations = (
				C5B0D13F2AF4634B00F3BB48 /* Debug */,
				C5B0D1402AF4634B00F3BB48 /* Release */,
			);
			defaultConfigurationIsVisible = 0;
			defaultConfigurationName = Release;
		};
		C5B0D1412AF4634B00F3BB48 /* Build configuration list for PBXNativeTarget "ASHAUITests" */ = {
			isa = XCConfigurationList;
			buildConfigurations = (
				C5B0D1422AF4634B00F3BB48 /* Debug */,
				C5B0D1432AF4634B00F3BB48 /* Release */,
			);
			defaultConfigurationIsVisible = 0;
			defaultConfigurationName = Release;
		};
/* End XCConfigurationList section */
	};
	rootObject = C5B0D10E2AF4634A00F3BB48 /* Project object */;
}
